Microsoft Visual Studio Solution File, Format Version 12.00
# Visual Studio Version 17
VisualStudioVersion = 17.5.2.0
MinimumVisualStudioVersion = 10.0.40219.1
Project("{FAE04EC0-301F-11D3-BF4B-00C04F79EFBC}") = "Seedr", "Seedr.csproj", "{12B3F767-D1FA-EADE-11FA-19E7B717CC97}"
EndProject
Global
	GlobalSection(SolutionConfigurationPlatforms) = preSolution
		Debug|Any CPU = Debug|Any CPU
		Release|Any CPU = Release|Any CPU
	EndGlobalSection
	GlobalSection(ProjectConfigurationPlatforms) = postSolution
		{12B3F767-D1FA-EADE-11FA-19E7B717CC97}.Debug|Any CPU.ActiveCfg = Debug|Any CPU
		{12B3F767-D1FA-EADE-11FA-19E7B717CC97}.Debug|Any CPU.Build.0 = Debug|Any CPU
		{12B3F767-D1FA-EADE-11FA-19E7B717CC97}.Release|Any CPU.ActiveCfg = Release|Any CPU
		{12B3F767-D1FA-EADE-11FA-19E7B717CC97}.Release|Any CPU.Build.0 = Release|Any CPU
	EndGlobalSection
	GlobalSection(SolutionProperties) = preSolution
		HideSolutionNode = FALSE
	EndGlobalSection
	GlobalSection(ExtensibilityGlobals) = postSolution
		SolutionGuid = {B364BADA-15C1-4975-9AC1-597E659A3FB3}
	EndGlobalSection
EndGlobal
